
Microsoft Visual Studio Solution File, Format Version 12.00
# Visual Studio Version 16
VisualStudioVersion = 16.0.31911.196
MinimumVisualStudioVersion = 10.0.40219.1
Project("{9A19103F-16F7-4668-BE54-9A1E7A4F7556}") = "im-posenorm", "im-posenorm\im-posenorm.csproj", "{C5CF265A-E80E-4D6D-A7D0-C228162AD47B}"
EndProject
Project("{9A19103F-16F7-4668-BE54-9A1E7A4F7556}") = "im-posenorm-lib", "im-posenorm-lib\im-posenorm-lib.csproj", "{8D856D79-AB49-45D6-B8FA-B53769B97123}"
EndProject
Project("{FAE04EC0-301F-11D3-BF4B-00C04F79EFBC}") = "im-posenorm-eval", "im-posenorm-eval\im-posenorm-eval.csproj", "{5D3D965B-1C66-478F-91DC-3503695FCFFA}"
EndProject
Global
	GlobalSection(SolutionConfigurationPlatforms) = preSolution
		Debug|Any CPU = Debug|Any CPU
		Release|Any CPU = Release|Any CPU
	EndGlobalSection
	GlobalSection(ProjectConfigurationPlatforms) = postSolution
		{C5CF265A-E80E-4D6D-A7D0-C228162AD47B}.Debug|Any CPU.ActiveCfg = Debug|Any CPU
		{C5CF265A-E80E-4D6D-A7D0-C228162AD47B}.Debug|Any CPU.Build.0 = Debug|Any CPU
		{C5CF265A-E80E-4D6D-A7D0-C228162AD47B}.Release|Any CPU.ActiveCfg = Release|Any CPU
		{C5CF265A-E80E-4D6D-A7D0-C228162AD47B}.Release|Any CPU.Build.0 = Release|Any CPU
		{8D856D79-AB49-45D6-B8FA-B53769B97123}.Debug|Any CPU.ActiveCfg = Debug|Any CPU
		{8D856D79-AB49-45D6-B8FA-B53769B97123}.Debug|Any CPU.Build.0 = Debug|Any CPU
		{8D856D79-AB49-45D6-B8FA-B53769B97123}.Release|Any CPU.ActiveCfg = Release|Any CPU
		{8D856D79-AB49-45D6-B8FA-B53769B97123}.Release|Any CPU.Build.0 = Release|Any CPU
		{5D3D965B-1C66-478F-91DC-3503695FCFFA}.Debug|Any CPU.ActiveCfg = Debug|Any CPU
		{5D3D965B-1C66-478F-91DC-3503695FCFFA}.Debug|Any CPU.Build.0 = Debug|Any CPU
		{5D3D965B-1C66-478F-91DC-3503695FCFFA}.Release|Any CPU.ActiveCfg = Release|Any CPU
		{5D3D965B-1C66-478F-91DC-3503695FCFFA}.Release|Any CPU.Build.0 = Release|Any CPU
	EndGlobalSection
	GlobalSection(SolutionProperties) = preSolution
		HideSolutionNode = FALSE
	EndGlobalSection
	GlobalSection(ExtensibilityGlobals) = postSolution
		SolutionGuid = {40966A5D-FCB4-4E26-8B99-5FCABD566C21}
	EndGlobalSection
EndGlobal
